
Microsoft Visual Studio Solution File, Format Version 12.00
# Visual Studio 15
VisualStudioVersion = 15.0.28307.572
MinimumVisualStudioVersion = 10.0.40219.1
Project("{FAE04EC0-301F-11D3-BF4B-00C04F79EFBC}") = "BrownieEngine", "BrownieEngine\BrownieEngine.csproj", "{9C15F58F-6FCB-4F1D-9EB8-76BD32F758B9}"
EndProject
Global
	GlobalSection(SolutionConfigurationPlatforms) = preSolution
		Debug|Any CPU = Debug|Any CPU
		Release|Any CPU = Release|Any CPU
	EndGlobalSection
	GlobalSection(ProjectConfigurationPlatforms) = postSolution
		{9C15F58F-6FCB-4F1D-9EB8-76BD32F758B9}.Debug|Any CPU.ActiveCfg = Debug|Any CPU
		{9C15F58F-6FCB-4F1D-9EB8-76BD32F758B9}.Debug|Any CPU.Build.0 = Debug|Any CPU
		{9C15F58F-6FCB-4F1D-9EB8-76BD32F758B9}.Release|Any CPU.ActiveCfg = Release|Any CPU
		{9C15F58F-6FCB-4F1D-9EB8-76BD32F758B9}.Release|Any CPU.Build.0 = Release|Any CPU
	EndGlobalSection
	GlobalSection(SolutionProperties) = preSolution
		HideSolutionNode = FALSE
	EndGlobalSection
	GlobalSection(ExtensibilityGlobals) = postSolution
		SolutionGuid = {A222E129-3FB7-433D-91BD-3BB90538104E}
	EndGlobalSection
EndGlobal
